
Microsoft Visual Studio Solution File, Format Version 12.00
# Visual Studio Version 16
VisualStudioVersion = 16.0.29926.136
MinimumVisualStudioVersion = 10.0.40219.1
Project("{8BC9CEB8-8B4A-11D0-8D11-00A0C91BC942}") = "3DEngine", "3DEngine\3DEngine.vcxproj", "{E441E933-D427-4E51-997E-E6047831CA34}"
EndProject
Global
	GlobalSection(SolutionConfigurationPlatforms) = preSolution
		Debug|x64 = Debug|x64
		Debug|x86 = Debug|x86
		Release|x64 = Release|x64
		Release|x86 = Release|x86
	EndGlobalSection
	GlobalSection(ProjectConfigurationPlatforms) = postSolution
		{E441E933-D427-4E51-997E-E6047831CA34}.Debug|x64.ActiveCfg = Debug|x64
		{E441E933-D427-4E51-997E-E6047831CA34}.Debug|x64.Build.0 = Debug|x64
		{E441E933-D427-4E51-997E-E6047831CA34}.Debug|x86.ActiveCfg = Debug|Win32
		{E441E933-D427-4E51-997E-E6047831CA34}.Debug|x86.Build.0 = Debug|Win32
		{E441E933-D427-4E51-997E-E6047831CA34}.Release|x64.ActiveCfg = Release|x64
		{E441E933-D427-4E51-997E-E6047831CA34}.Release|x64.Build.0 = Release|x64
		{E441E933-D427-4E51-997E-E6047831CA34}.Release|x86.ActiveCfg = Release|Win32
		{E441E933-D427-4E51-997E-E6047831CA34}.Release|x86.Build.0 = Release|Win32
	EndGlobalSection
	GlobalSection(SolutionProperties) = preSolution
		HideSolutionNode = FALSE
	EndGlobalSection
	GlobalSection(ExtensibilityGlobals) = postSolution
		SolutionGuid = {EEC723E0-2FE7-413D-9505-9C10F70F1A26}
	EndGlobalSection
EndGlobal
